PODS:
  - JZFramework (0.0.2)

DEPENDENCIES:
  - JZFramework (from `https://github.com/zengjinzong/JZFramework.git`)

EXTERNAL SOURCES:
  JZFramework:
    :git: https://github.com/zengjinzong/JZFramework.git

CHECKOUT OPTIONS:
  JZFramework:
    :commit: fc7d3fd0af8ca977dae9a83e22530856b04ad3cd
    :git: https://github.com/zengjinzong/JZFramework.git

SPEC CHECKSUMS:
  JZFramework: e9ff62b8ecd4d9ee490aadb4ace7f54eb376648b

PODFILE CHECKSUM: e813fd719919132aaf88a5c816d68200f6b40d05

COCOAPODS: 1.9.0
